// !$*UTF8*$!
{
	archiveVersion = 1;
	classes = {
	};
	objectVersion = 56;
	objects = {

/* Begin PBXBuildFile section */
		6546AAA629DDAA6400D1E643 /* DI_TestApp.swift in Sources */ = {isa = PBXBuildFile; fileRef = 6546AAA529DDAA6400D1E643 /* DI_TestApp.swift */; };
		6546AAA829DDAA6400D1E643 /* ContentView.swift in Sources */ = {isa = PBXBuildFile; fileRef = 6546AAA729DDAA6400D1E643 /* ContentView.swift */; };
		6546AAAA29DDAA6500D1E643 /* Assets.xcassets in Resources */ = {isa = PBXBuildFile; fileRef = 6546AAA929DDAA6500D1E643 /* Assets.xcassets */; };
		6546AAAD29DDAA6500D1E643 /* Preview Assets.xcassets in Resources */ = {isa = PBXBuildFile; fileRef = 6546AAAC29DDAA6500D1E643 /* Preview Assets.xcassets */; };
		6546AAB529DDACA100D1E643 /* AppDI.swift in Sources */ = {isa = PBXBuildFile; fileRef = 6546AAB429DDACA100D1E643 /* AppDI.swift */; };
		6546AABB29DDAD5100D1E643 /* RootView.swift in Sources */ = {isa = PBXBuildFile; fileRef = 6546AABA29DDAD5100D1E643 /* RootView.swift */; };
		6546AABD29DDAD7A00D1E643 /* TestView.swift in Sources */ = {isa = PBXBuildFile; fileRef = 6546AABC29DDAD7A00D1E643 /* TestView.swift */; };
/* End PBXBuildFile section */

/* Begin PBXFileReference section */
		6546AAA229DDAA6400D1E643 /* DI-Test.app */ = {isa = PBXFileReference; explicitFileType = wrapper.application; includeInIndex = 0; path = "DI-Test.app"; sourceTree = BUILT_PRODUCTS_DIR; };
		6546AAA529DDAA6400D1E643 /* DI_TestApp.swift */ = {isa = PBXFileReference; lastKnownFileType = sourcecode.swift; path = DI_TestApp.swift; sourceTree = "<group>"; };
		6546AAA729DDAA6400D1E643 /* ContentView.swift */ = {isa = PBXFileReference; lastKnownFileType = sourcecode.swift; path = ContentView.swift; sourceTree = "<group>"; };
		6546AAA929DDAA6500D1E643 /* Assets.xcassets */ = {isa = PBXFileReference; lastKnownFileType = folder.assetcatalog; path = Assets.xcassets; sourceTree = "<group>"; };
		6546AAAC29DDAA6500D1E643 /* Preview Assets.xcassets */ = {isa = PBXFileReference; lastKnownFileType = folder.assetcatalog; path = "Preview Assets.xcassets"; sourceTree = "<group>"; };
		6546AAB429DDACA100D1E643 /* AppDI.swift */ = {isa = PBXFileReference; lastKnownFileType = sourcecode.swift; path = AppDI.swift; sourceTree = "<group>"; };
		6546AABA29DDAD5100D1E643 /* RootView.swift */ = {isa = PBXFileReference; lastKnownFileType = sourcecode.swift; path = RootView.swift; sourceTree = "<group>"; };
		6546AABC29DDAD7A00D1E643 /* TestView.swift */ = {isa = PBXFileReference; lastKnownFileType = sourcecode.swift; path = TestView.swift; sourceTree = "<group>"; };
/* End PBXFileReference section */

/* Begin PBXFrameworksBuildPhase section */
		6546AA9F29DDAA6400D1E643 /* Frameworks */ = {
			isa = PBXFrameworksBuildPhase;
			buildActionMask = 2147483647;
			files = (
			);
			runOnlyForDeploymentPostprocessing = 0;
		};
/* End PBXFrameworksBuildPhase section */

/* Begin PBXGroup section */
		6546AA9929DDAA6400D1E643 = {
			isa = PBXGroup;
			children = (
				6546AAA429DDAA6400D1E643 /* DI-Test */,
				6546AAA329DDAA6400D1E643 /* Products */,
			);
			sourceTree = "<group>";
		};
		6546AAA329DDAA6400D1E643 /* Products */ = {
			isa = PBXGroup;
			children = (
				6546AAA229DDAA6400D1E643 /* DI-Test.app */,
			);
			name = Products;
			sourceTree = "<group>";
		};
		6546AAA429DDAA6400D1E643 /* DI-Test */ = {
			isa = PBXGroup;
			children = (
				6546AAB629DDACCB00D1E643 /* Presentation */,
				6546AAB329DDAC9100D1E643 /* Application */,
				6546AAA929DDAA6500D1E643 /* Assets.xcassets */,
				6546AAAB29DDAA6500D1E643 /* Preview Content */,
			);
			path = "DI-Test";
			sourceTree = "<group>";
		};
		6546AAAB29DDAA6500D1E643 /* Preview Content */ = {
			isa = PBXGroup;
			children = (
				6546AAAC29DDAA6500D1E643 /* Preview Assets.xcassets */,
			);
			path = "Preview Content";
			sourceTree = "<group>";
		};
		6546AAB329DDAC9100D1E643 /* Application */ = {
			isa = PBXGroup;
			children = (
				6546AAA529DDAA6400D1E643 /* DI_TestApp.swift */,
				6546AAB429DDACA100D1E643 /* AppDI.swift */,
			);
			path = Application;
			sourceTree = "<group>";
		};
		6546AAB629DDACCB00D1E643 /* Presentation */ = {
			isa = PBXGroup;
			children = (
				6546AABA29DDAD5100D1E643 /* RootView.swift */,
				6546AABC29DDAD7A00D1E643 /* TestView.swift */,
				6546AAA729DDAA6400D1E643 /* ContentView.swift */,
			);
			path = Presentation;
			sourceTree = "<group>";
		};
/* End PBXGroup section */

/* Begin PBXNativeTarget section */
		6546AAA129DDAA6400D1E643 /* DI-Test */ = {
			isa = PBXNativeTarget;
			buildConfigurationList = 6546AAB029DDAA6500D1E643 /* Build configuration list for PBXNativeTarget "DI-Test" */;
			buildPhases = (
				6546AA9E29DDAA6400D1E643 /* Sources */,
				6546AA9F29DDAA6400D1E643 /* Frameworks */,
				6546AAA029DDAA6400D1E643 /* Resources */,
			);
			buildRules = (
			);
			dependencies = (
			);
			name = "DI-Test";
			productName = "DI-Test";
			productReference = 6546AAA229DDAA6400D1E643 /* DI-Test.app */;
			productType = "com.apple.product-type.application";
		};
/* End PBXNativeTarget section */

/* Begin PBXProject section */
		6546AA9A29DDAA6400D1E643 /* Project object */ = {
			isa = PBXProject;
			attributes = {
				BuildIndependentTargetsInParallel = 1;
				LastSwiftUpdateCheck = 1400;
				LastUpgradeCheck = 1400;
				TargetAttributes = {
					6546AAA129DDAA6400D1E643 = {
						CreatedOnToolsVersion = 14.0;
					};
				};
			};
			buildConfigurationList = 6546AA9D29DDAA6400D1E643 /* Build configuration list for PBXProject "DI-Test" */;
			compatibilityVersion = "Xcode 14.0";
			developmentRegion = en;
			hasScannedForEncodings = 0;
			knownRegions = (
				en,
				Base,
			);
			mainGroup = 6546AA9929DDAA6400D1E643;
			productRefGroup = 6546AAA329DDAA6400D1E643 /* Products */;
			projectDirPath = "";
			projectRoot = "";
			targets = (
				6546AAA129DDAA6400D1E643 /* DI-Test */,
			);
		};
/* End PBXProject section */

/* Begin PBXResourcesBuildPhase section */
		6546AAA029DDAA6400D1E643 /* Resources */ = {
			isa = PBXResourcesBuildPhase;
			buildActionMask = 2147483647;
			files = (
				6546AAAD29DDAA6500D1E643 /* Preview Assets.xcassets in Resources */,
				6546AAAA29DDAA6500D1E643 /* Assets.xcassets in Resources */,
			);
			runOnlyForDeploymentPostprocessing = 0;
		};
/* End PBXResourcesBuildPhase section */

/* Begin PBXSourcesBuildPhase section */
		6546AA9E29DDAA6400D1E643 /* Sources */ = {
			isa = PBXSourcesBuildPhase;
			buildActionMask = 2147483647;
			files = (
				6546AABD29DDAD7A00D1E643 /* TestView.swift in Sources */,
				6546AAB529DDACA100D1E643 /* AppDI.swift in Sources */,
				6546AAA829DDAA6400D1E643 /* ContentView.swift in Sources */,
				6546AAA629DDAA6400D1E643 /* DI_TestApp.swift in Sources */,
				6546AABB29DDAD5100D1E643 /* RootView.swift in Sources */,
			);
			runOnlyForDeploymentPostprocessing = 0;
		};
/* End PBXSourcesBuildPhase section */

/* Begin XCBuildConfiguration section */
		6546AAAE29DDAA6500D1E643 /* Debug */ = {
			isa = XCBuildConfiguration;
			buildSettings = {
				ALWAYS_SEARCH_USER_PATHS = NO;
				CLANG_ANALYZER_NONNULL = YES;
				CLANG_ANALYZER_NUMBER_OBJECT_CONVERSION = YES_AGGRESSIVE;
				CLANG_CXX_LANGUAGE_STANDARD = "gnu++20";
				CLANG_ENABLE_MODULES = YES;
				CLANG_ENABLE_OBJC_ARC = YES;
				CLANG_ENABLE_OBJC_WEAK = YES;
				CLANG_WARN_BLOCK_CAPTURE_AUTORELEASING = YES;
				CLANG_WARN_BOOL_CONVERSION = YES;
				CLANG_WARN_COMMA = YES;
				CLANG_WARN_CONSTANT_CONVERSION = YES;
				CLANG_WARN_DEPRECATED_OBJC_IMPLEMENTATIONS = YES;
				CLANG_WARN_DIRECT_OBJC_ISA_USAGE = YES_ERROR;
				CLANG_WARN_DOCUMENTATION_COMMENTS = YES;
				CLANG_WARN_EMPTY_BODY = YES;
				CLANG_WARN_ENUM_CONVERSION = YES;
				CLANG_WARN_INFINITE_RECURSION = YES;
				CLANG_WARN_INT_CONVERSION = YES;
				CLANG_WARN_NON_LITERAL_NULL_CONVERSION = YES;
				CLANG_WARN_OBJC_IMPLICIT_RETAIN_SELF = YES;
				CLANG_WARN_OBJC_LITERAL_CONVERSION = YES;
				CLANG_WARN_OBJC_ROOT_CLASS = YES_ERROR;
				CLANG_WARN_QUOTED_INCLUDE_IN_FRAMEWORK_HEADER = YES;
				CLANG_WARN_RANGE_LOOP_ANALYSIS = YES;
				CLANG_WARN_STRICT_PROTOTYPES = YES;
				CLANG_WARN_SUSPICIOUS_MOVE = YES;
				CLANG_WARN_UNGUARDED_AVAILABILITY = YES_AGGRESSIVE;
				CLANG_WARN_UNREACHABLE_CODE = YES;
				CLANG_WARN__DUPLICATE_METHOD_MATCH = YES;
				COPY_PHASE_STRIP = NO;
				DEBUG_INFORMATION_FORMAT = dwarf;
				ENABLE_STRICT_OBJC_MSGSEND = YES;
				ENABLE_TESTABILITY = YES;
				GCC_C_LANGUAGE_STANDARD = gnu11;
				GCC_DYNAMIC_NO_PIC = NO;
				GCC_NO_COMMON_BLOCKS = YES;
				GCC_OPTIMIZATION_LEVEL = 0;
				GCC_PREPROCESSOR_DEFINITIONS = (
					"DEBUG=1",
					"$(inherited)",
				);
				GCC_WARN_64_TO_32_BIT_CONVERSION = YES;
				GCC_WARN_ABOUT_RETURN_TYPE = YES_ERROR;
				GCC_WARN_UNDECLARED_SELECTOR = YES;
				GCC_WARN_UNINITIALIZED_AUTOS = YES_AGGRESSIVE;
				GCC_WARN_UNUSED_FUNCTION = YES;
				GCC_WARN_UNUSED_VARIABLE = YES;
				IPHONEOS_DEPLOYMENT_TARGET = 16.0;
				MTL_ENABLE_DEBUG_INFO = INCLUDE_SOURCE;
				MTL_FAST_MATH = YES;
				ONLY_ACTIVE_ARCH = YES;
				SDKROOT = iphoneos;
				SWIFT_ACTIVE_COMPILATION_CONDITIONS = DEBUG;
				SWIFT_OPTIMIZATION_LEVEL = "-Onone";
			};
			name = Debug;
		};
		6546AAAF29DDAA6500D1E643 /* Release */ = {
			isa = XCBuildConfiguration;
			buildSettings = {
				ALWAYS_SEARCH_USER_PATHS = NO;
				CLANG_ANALYZER_NONNULL = YES;
				CLANG_ANALYZER_NUMBER_OBJECT_CONVERSION = YES_AGGRESSIVE;
				CLANG_CXX_LANGUAGE_STANDARD = "gnu++20";
				CLANG_ENABLE_MODULES = YES;
				CLANG_ENABLE_OBJC_ARC = YES;
				CLANG_ENABLE_OBJC_WEAK = YES;
				CLANG_WARN_BLOCK_CAPTURE_AUTORELEASING = YES;
				CLANG_WARN_BOOL_CONVERSION = YES;
				CLANG_WARN_COMMA = YES;
				CLANG_WARN_CONSTANT_CONVERSION = YES;
				CLANG_WARN_DEPRECATED_OBJC_IMPLEMENTATIONS = YES;
				CLANG_WARN_DIRECT_OBJC_ISA_USAGE = YES_ERROR;
				CLANG_WARN_DOCUMENTATION_COMMENTS = YES;
				CLANG_WARN_EMPTY_BODY = YES;
				CLANG_WARN_ENUM_CONVERSION = YES;
				CLANG_WARN_INFINITE_RECURSION = YES;
				CLANG_WARN_INT_CONVERSION = YES;
				CLANG_WARN_NON_LITERAL_NULL_CONVERSION = YES;
				CLANG_WARN_OBJC_IMPLICIT_RETAIN_SELF = YES;
				CLANG_WARN_OBJC_LITERAL_CONVERSION = YES;
				CLANG_WARN_OBJC_ROOT_CLASS = YES_ERROR;
				CLANG_WARN_QUOTED_INCLUDE_IN_FRAMEWORK_HEADER = YES;
				CLANG_WARN_RANGE_LOOP_ANALYSIS = YES;
				CLANG_WARN_STRICT_PROTOTYPES = YES;
				CLANG_WARN_SUSPICIOUS_MOVE = YES;
				CLANG_WARN_UNGUARDED_AVAILABILITY = YES_AGGRESSIVE;
				CLANG_WARN_UNREACHABLE_CODE = YES;
				CLANG_WARN__DUPLICATE_METHOD_MATCH = YES;
				COPY_PHASE_STRIP = NO;
				DEBUG_INFORMATION_FORMAT = "dwarf-with-dsym";
				ENABLE_NS_ASSERTIONS = NO;
				ENABLE_STRICT_OBJC_MSGSEND = YES;
				GCC_C_LANGUAGE_STANDARD = gnu11;
				GCC_NO_COMMON_BLOCKS = YES;
				GCC_WARN_64_TO_32_BIT_CONVERSION = YES;
				GCC_WARN_ABOUT_RETURN_TYPE = YES_ERROR;
				GCC_WARN_UNDECLARED_SELECTOR = YES;
				GCC_WARN_UNINITIALIZED_AUTOS = YES_AGGRESSIVE;
				GCC_WARN_UNUSED_FUNCTION = YES;
				GCC_WARN_UNUSED_VARIABLE = YES;
				IPHONEOS_DEPLOYMENT_TARGET = 16.0;
				MTL_ENABLE_DEBUG_INFO = NO;
				MTL_FAST_MATH = YES;
				SDKROOT = iphoneos;
				SWIFT_COMPILATION_MODE = wholemodule;
				SWIFT_OPTIMIZATION_LEVEL = "-O";
				VALIDATE_PRODUCT = YES;
			};
			name = Release;
		};
		6546AAB129DDAA6500D1E643 /* Debug */ = {
			isa = XCBuildConfiguration;
			buildSettings = {
				ASSETCATALOG_COMPILER_APPICON_NAME = AppIcon;
				ASSETCATALOG_COMPILER_GLOBAL_ACCENT_COLOR_NAME = AccentColor;
				CODE_SIGN_STYLE = Automatic;
				CURRENT_PROJECT_VERSION = 1;
				DEVELOPMENT_ASSET_PATHS = "\"DI-Test/Preview Content\"";
				DEVELOPMENT_TEAM = W4HDX5XCG8;
				ENABLE_PREVIEWS = YES;
				GENERATE_INFOPLIST_FILE = YES;
				INFOPLIST_KEY_UIApplicationSceneManifest_Generation = YES;
				INFOPLIST_KEY_UIApplicationSupportsIndirectInputEvents = YES;
				INFOPLIST_KEY_UILaunchScreen_Generation = YES;
				INFOPLIST_KEY_UISupportedInterfaceOrientations_iPad = "UIInterfaceOrientationPortrait UIInterfaceOrientationPortraitUpsideDown UIInterfaceOrientationLandscapeLeft UIInterfaceOrientationLandscapeRight";
				INFOPLIST_KEY_UISupportedInterfaceOrientations_iPhone = "UIInterfaceOrientationPortrait UIInterfaceOrientationLandscapeLeft UIInterfaceOrientationLandscapeRight";
				LD_RUNPATH_SEARCH_PATHS = (
					"$(inherited)",
					"@executable_path/Frameworks",
				);
				MARKETING_VERSION = 1.0;
				PRODUCT_BUNDLE_IDENTIFIER = "com.sangwon.DI-Test";
				PRODUCT_NAME = "$(TARGET_NAME)";
				SWIFT_EMIT_LOC_STRINGS = YES;
				SWIFT_VERSION = 5.0;
				TARGETED_DEVICE_FAMILY = "1,2";
			};
			name = Debug;
		};
		6546AAB229DDAA6500D1E643 /* Release */ = {
			isa = XCBuildConfiguration;
			buildSettings = {
				ASSETCATALOG_COMPILER_APPICON_NAME = AppIcon;
				ASSETCATALOG_COMPILER_GLOBAL_ACCENT_COLOR_NAME = AccentColor;
				CODE_SIGN_STYLE = Automatic;
				CURRENT_PROJECT_VERSION = 1;
				DEVELOPMENT_ASSET_PATHS = "\"DI-Test/Preview Content\"";
				DEVELOPMENT_TEAM = W4HDX5XCG8;
				ENABLE_PREVIEWS = YES;
				GENERATE_INFOPLIST_FILE = YES;
				INFOPLIST_KEY_UIApplicationSceneManifest_Generation = YES;
				INFOPLIST_KEY_UIApplicationSupportsIndirectInputEvents = YES;
				INFOPLIST_KEY_UILaunchScreen_Generation = YES;
				INFOPLIST_KEY_UISupportedInterfaceOrientations_iPad = "UIInterfaceOrientationPortrait UIInterfaceOrientationPortraitUpsideDown UIInterfaceOrientationLandscapeLeft UIInterfaceOrientationLandscapeRight";
				INFOPLIST_KEY_UISupportedInterfaceOrientations_iPhone = "UIInterfaceOrientationPortrait UIInterfaceOrientationLandscapeLeft UIInterfaceOrientationLandscapeRight";
				LD_RUNPATH_SEARCH_PATHS = (
					"$(inherited)",
					"@executable_path/Frameworks",
				);
				MARKETING_VERSION = 1.0;
				PRODUCT_BUNDLE_IDENTIFIER = "com.sangwon.DI-Test";
				PRODUCT_NAME = "$(TARGET_NAME)";
				SWIFT_EMIT_LOC_STRINGS = YES;
				SWIFT_VERSION = 5.0;
				TARGETED_DEVICE_FAMILY = "1,2";
			};
			name = Release;
		};
/* End XCBuildConfiguration section */

/* Begin XCConfigurationList section */
		6546AA9D29DDAA6400D1E643 /* Build configuration list for PBXProject "DI-Test" */ = {
			isa = XCConfigurationList;
			buildConfigurations = (
				6546AAAE29DDAA6500D1E643 /* Debug */,
				6546AAAF29DDAA6500D1E643 /* Release */,
			);
			defaultConfigurationIsVisible = 0;
			defaultConfigurationName = Release;
		};
		6546AAB029DDAA6500D1E643 /* Build configuration list for PBXNativeTarget "DI-Test" */ = {
			isa = XCConfigurationList;
			buildConfigurations = (
				6546AAB129DDAA6500D1E643 /* Debug */,
				6546AAB229DDAA6500D1E643 /* Release */,
			);
			defaultConfigurationIsVisible = 0;
			defaultConfigurationName = Release;
		};
/* End XCConfigurationList section */
	};
	rootObject = 6546AA9A29DDAA6400D1E643 /* Project object */;
}
