// !$*UTF8*$!
{
	archiveVersion = 1;
	classes = {
	};
	objectVersion = 56;
	objects = {

/* Begin PBXBuildFile section */
		65E3004D2A038CCD002F4CC7 /* TCA_MovieSearchApp.swift in Sources */ = {isa = PBXBuildFile; fileRef = 65E3004C2A038CCD002F4CC7 /* TCA_MovieSearchApp.swift */; };
		65E300512A038CCE002F4CC7 /* Assets.xcassets in Resources */ = {isa = PBXBuildFile; fileRef = 65E300502A038CCE002F4CC7 /* Assets.xcassets */; };
		65E300542A038CCE002F4CC7 /* Preview Assets.xcassets in Resources */ = {isa = PBXBuildFile; fileRef = 65E300532A038CCE002F4CC7 /* Preview Assets.xcassets */; };
		65E3005C2A038D25002F4CC7 /* ComposableArchitecture in Frameworks */ = {isa = PBXBuildFile; productRef = 65E3005B2A038D25002F4CC7 /* ComposableArchitecture */; };
		65E300642A038E05002F4CC7 /* NavigationLazyView.swift in Sources */ = {isa = PBXBuildFile; fileRef = 65E300632A038E05002F4CC7 /* NavigationLazyView.swift */; };
		65E300682A039194002F4CC7 /* MovieListView.swift in Sources */ = {isa = PBXBuildFile; fileRef = 65E300672A039194002F4CC7 /* MovieListView.swift */; };
		65E3006A2A0391A0002F4CC7 /* MovieListReducer.swift in Sources */ = {isa = PBXBuildFile; fileRef = 65E300692A0391A0002F4CC7 /* MovieListReducer.swift */; };
/* End PBXBuildFile section */

/* Begin PBXFileReference section */
		65E300492A038CCD002F4CC7 /* TCA-MovieSearch.app */ = {isa = PBXFileReference; explicitFileType = wrapper.application; includeInIndex = 0; path = "TCA-MovieSearch.app"; sourceTree = BUILT_PRODUCTS_DIR; };
		65E3004C2A038CCD002F4CC7 /* TCA_MovieSearchApp.swift */ = {isa = PBXFileReference; lastKnownFileType = sourcecode.swift; path = TCA_MovieSearchApp.swift; sourceTree = "<group>"; };
		65E300502A038CCE002F4CC7 /* Assets.xcassets */ = {isa = PBXFileReference; lastKnownFileType = folder.assetcatalog; path = Assets.xcassets; sourceTree = "<group>"; };
		65E300532A038CCE002F4CC7 /* Preview Assets.xcassets */ = {isa = PBXFileReference; lastKnownFileType = folder.assetcatalog; path = "Preview Assets.xcassets"; sourceTree = "<group>"; };
		65E300632A038E05002F4CC7 /* NavigationLazyView.swift */ = {isa = PBXFileReference; lastKnownFileType = sourcecode.swift; path = NavigationLazyView.swift; sourceTree = "<group>"; };
		65E300672A039194002F4CC7 /* MovieListView.swift */ = {isa = PBXFileReference; lastKnownFileType = sourcecode.swift; path = MovieListView.swift; sourceTree = "<group>"; };
		65E300692A0391A0002F4CC7 /* MovieListReducer.swift */ = {isa = PBXFileReference; lastKnownFileType = sourcecode.swift; path = MovieListReducer.swift; sourceTree = "<group>"; };
/* End PBXFileReference section */

/* Begin PBXFrameworksBuildPhase section */
		65E300462A038CCD002F4CC7 /* Frameworks */ = {
			isa = PBXFrameworksBuildPhase;
			buildActionMask = 2147483647;
			files = (
				65E3005C2A038D25002F4CC7 /* ComposableArchitecture in Frameworks */,
			);
			runOnlyForDeploymentPostprocessing = 0;
		};
/* End PBXFrameworksBuildPhase section */

/* Begin PBXGroup section */
		65E300402A038CCD002F4CC7 = {
			isa = PBXGroup;
			children = (
				65E3004B2A038CCD002F4CC7 /* TCA-MovieSearch */,
				65E3004A2A038CCD002F4CC7 /* Products */,
			);
			sourceTree = "<group>";
		};
		65E3004A2A038CCD002F4CC7 /* Products */ = {
			isa = PBXGroup;
			children = (
				65E300492A038CCD002F4CC7 /* TCA-MovieSearch.app */,
			);
			name = Products;
			sourceTree = "<group>";
		};
		65E3004B2A038CCD002F4CC7 /* TCA-MovieSearch */ = {
			isa = PBXGroup;
			children = (
				65E3005E2A038D65002F4CC7 /* App */,
				65E300652A03914D002F4CC7 /* Features */,
				65E300622A038DDD002F4CC7 /* Utils */,
				65E300502A038CCE002F4CC7 /* Assets.xcassets */,
				65E300522A038CCE002F4CC7 /* Preview Content */,
			);
			path = "TCA-MovieSearch";
			sourceTree = "<group>";
		};
		65E300522A038CCE002F4CC7 /* Preview Content */ = {
			isa = PBXGroup;
			children = (
				65E300532A038CCE002F4CC7 /* Preview Assets.xcassets */,
			);
			path = "Preview Content";
			sourceTree = "<group>";
		};
		65E3005E2A038D65002F4CC7 /* App */ = {
			isa = PBXGroup;
			children = (
				65E3004C2A038CCD002F4CC7 /* TCA_MovieSearchApp.swift */,
			);
			path = App;
			sourceTree = "<group>";
		};
		65E300622A038DDD002F4CC7 /* Utils */ = {
			isa = PBXGroup;
			children = (
				65E300632A038E05002F4CC7 /* NavigationLazyView.swift */,
			);
			path = Utils;
			sourceTree = "<group>";
		};
		65E300652A03914D002F4CC7 /* Features */ = {
			isa = PBXGroup;
			children = (
				65E300662A039177002F4CC7 /* MovieList */,
			);
			path = Features;
			sourceTree = "<group>";
		};
		65E300662A039177002F4CC7 /* MovieList */ = {
			isa = PBXGroup;
			children = (
				65E300672A039194002F4CC7 /* MovieListView.swift */,
				65E300692A0391A0002F4CC7 /* MovieListReducer.swift */,
			);
			path = MovieList;
			sourceTree = "<group>";
		};
/* End PBXGroup section */

/* Begin PBXNativeTarget section */
		65E300482A038CCD002F4CC7 /* TCA-MovieSearch */ = {
			isa = PBXNativeTarget;
			buildConfigurationList = 65E300572A038CCE002F4CC7 /* Build configuration list for PBXNativeTarget "TCA-MovieSearch" */;
			buildPhases = (
				65E300452A038CCD002F4CC7 /* Sources */,
				65E300462A038CCD002F4CC7 /* Frameworks */,
				65E300472A038CCD002F4CC7 /* Resources */,
			);
			buildRules = (
			);
			dependencies = (
			);
			name = "TCA-MovieSearch";
			packageProductDependencies = (
				65E3005B2A038D25002F4CC7 /* ComposableArchitecture */,
			);
			productName = "TCA-MovieSearch";
			productReference = 65E300492A038CCD002F4CC7 /* TCA-MovieSearch.app */;
			productType = "com.apple.product-type.application";
		};
/* End PBXNativeTarget section */

/* Begin PBXProject section */
		65E300412A038CCD002F4CC7 /* Project object */ = {
			isa = PBXProject;
			attributes = {
				BuildIndependentTargetsInParallel = 1;
				LastSwiftUpdateCheck = 1430;
				LastUpgradeCheck = 1430;
				TargetAttributes = {
					65E300482A038CCD002F4CC7 = {
						CreatedOnToolsVersion = 14.3;
					};
				};
			};
			buildConfigurationList = 65E300442A038CCD002F4CC7 /* Build configuration list for PBXProject "TCA-MovieSearch" */;
			compatibilityVersion = "Xcode 14.0";
			developmentRegion = en;
			hasScannedForEncodings = 0;
			knownRegions = (
				en,
				Base,
			);
			mainGroup = 65E300402A038CCD002F4CC7;
			packageReferences = (
				65E3005A2A038D25002F4CC7 /* XCRemoteSwiftPackageReference "swift-composable-architecture" */,
			);
			productRefGroup = 65E3004A2A038CCD002F4CC7 /* Products */;
			projectDirPath = "";
			projectRoot = "";
			targets = (
				65E300482A038CCD002F4CC7 /* TCA-MovieSearch */,
			);
		};
/* End PBXProject section */

/* Begin PBXResourcesBuildPhase section */
		65E300472A038CCD002F4CC7 /* Resources */ = {
			isa = PBXResourcesBuildPhase;
			buildActionMask = 2147483647;
			files = (
				65E300542A038CCE002F4CC7 /* Preview Assets.xcassets in Resources */,
				65E300512A038CCE002F4CC7 /* Assets.xcassets in Resources */,
			);
			runOnlyForDeploymentPostprocessing = 0;
		};
/* End PBXResourcesBuildPhase section */

/* Begin PBXSourcesBuildPhase section */
		65E300452A038CCD002F4CC7 /* Sources */ = {
			isa = PBXSourcesBuildPhase;
			buildActionMask = 2147483647;
			files = (
				65E300682A039194002F4CC7 /* MovieListView.swift in Sources */,
				65E3006A2A0391A0002F4CC7 /* MovieListReducer.swift in Sources */,
				65E3004D2A038CCD002F4CC7 /* TCA_MovieSearchApp.swift in Sources */,
				65E300642A038E05002F4CC7 /* NavigationLazyView.swift in Sources */,
			);
			runOnlyForDeploymentPostprocessing = 0;
		};
/* End PBXSourcesBuildPhase section */

/* Begin XCBuildConfiguration section */
		65E300552A038CCE002F4CC7 /* Debug */ = {
			isa = XCBuildConfiguration;
			buildSettings = {
				ALWAYS_SEARCH_USER_PATHS = NO;
				CLANG_ANALYZER_NONNULL = YES;
				CLANG_ANALYZER_NUMBER_OBJECT_CONVERSION = YES_AGGRESSIVE;
				CLANG_CXX_LANGUAGE_STANDARD = "gnu++20";
				CLANG_ENABLE_MODULES = YES;
				CLANG_ENABLE_OBJC_ARC = YES;
				CLANG_ENABLE_OBJC_WEAK = YES;
				CLANG_WARN_BLOCK_CAPTURE_AUTORELEASING = YES;
				CLANG_WARN_BOOL_CONVERSION = YES;
				CLANG_WARN_COMMA = YES;
				CLANG_WARN_CONSTANT_CONVERSION = YES;
				CLANG_WARN_DEPRECATED_OBJC_IMPLEMENTATIONS = YES;
				CLANG_WARN_DIRECT_OBJC_ISA_USAGE = YES_ERROR;
				CLANG_WARN_DOCUMENTATION_COMMENTS = YES;
				CLANG_WARN_EMPTY_BODY = YES;
				CLANG_WARN_ENUM_CONVERSION = YES;
				CLANG_WARN_INFINITE_RECURSION = YES;
				CLANG_WARN_INT_CONVERSION = YES;
				CLANG_WARN_NON_LITERAL_NULL_CONVERSION = YES;
				CLANG_WARN_OBJC_IMPLICIT_RETAIN_SELF = YES;
				CLANG_WARN_OBJC_LITERAL_CONVERSION = YES;
				CLANG_WARN_OBJC_ROOT_CLASS = YES_ERROR;
				CLANG_WARN_QUOTED_INCLUDE_IN_FRAMEWORK_HEADER = YES;
				CLANG_WARN_RANGE_LOOP_ANALYSIS = YES;
				CLANG_WARN_STRICT_PROTOTYPES = YES;
				CLANG_WARN_SUSPICIOUS_MOVE = YES;
				CLANG_WARN_UNGUARDED_AVAILABILITY = YES_AGGRESSIVE;
				CLANG_WARN_UNREACHABLE_CODE = YES;
				CLANG_WARN__DUPLICATE_METHOD_MATCH = YES;
				COPY_PHASE_STRIP = NO;
				DEBUG_INFORMATION_FORMAT = dwarf;
				ENABLE_STRICT_OBJC_MSGSEND = YES;
				ENABLE_TESTABILITY = YES;
				GCC_C_LANGUAGE_STANDARD = gnu11;
				GCC_DYNAMIC_NO_PIC = NO;
				GCC_NO_COMMON_BLOCKS = YES;
				GCC_OPTIMIZATION_LEVEL = 0;
				GCC_PREPROCESSOR_DEFINITIONS = (
					"DEBUG=1",
					"$(inherited)",
				);
				GCC_WARN_64_TO_32_BIT_CONVERSION = YES;
				GCC_WARN_ABOUT_RETURN_TYPE = YES_ERROR;
				GCC_WARN_UNDECLARED_SELECTOR = YES;
				GCC_WARN_UNINITIALIZED_AUTOS = YES_AGGRESSIVE;
				GCC_WARN_UNUSED_FUNCTION = YES;
				GCC_WARN_UNUSED_VARIABLE = YES;
				IPHONEOS_DEPLOYMENT_TARGET = 15.0;
				MTL_ENABLE_DEBUG_INFO = INCLUDE_SOURCE;
				MTL_FAST_MATH = YES;
				ONLY_ACTIVE_ARCH = YES;
				SDKROOT = iphoneos;
				SWIFT_ACTIVE_COMPILATION_CONDITIONS = DEBUG;
				SWIFT_OPTIMIZATION_LEVEL = "-Onone";
			};
			name = Debug;
		};
		65E300562A038CCE002F4CC7 /* Release */ = {
			isa = XCBuildConfiguration;
			buildSettings = {
				ALWAYS_SEARCH_USER_PATHS = NO;
				CLANG_ANALYZER_NONNULL = YES;
				CLANG_ANALYZER_NUMBER_OBJECT_CONVERSION = YES_AGGRESSIVE;
				CLANG_CXX_LANGUAGE_STANDARD = "gnu++20";
				CLANG_ENABLE_MODULES = YES;
				CLANG_ENABLE_OBJC_ARC = YES;
				CLANG_ENABLE_OBJC_WEAK = YES;
				CLANG_WARN_BLOCK_CAPTURE_AUTORELEASING = YES;
				CLANG_WARN_BOOL_CONVERSION = YES;
				CLANG_WARN_COMMA = YES;
				CLANG_WARN_CONSTANT_CONVERSION = YES;
				CLANG_WARN_DEPRECATED_OBJC_IMPLEMENTATIONS = YES;
				CLANG_WARN_DIRECT_OBJC_ISA_USAGE = YES_ERROR;
				CLANG_WARN_DOCUMENTATION_COMMENTS = YES;
				CLANG_WARN_EMPTY_BODY = YES;
				CLANG_WARN_ENUM_CONVERSION = YES;
				CLANG_WARN_INFINITE_RECURSION = YES;
				CLANG_WARN_INT_CONVERSION = YES;
				CLANG_WARN_NON_LITERAL_NULL_CONVERSION = YES;
				CLANG_WARN_OBJC_IMPLICIT_RETAIN_SELF = YES;
				CLANG_WARN_OBJC_LITERAL_CONVERSION = YES;
				CLANG_WARN_OBJC_ROOT_CLASS = YES_ERROR;
				CLANG_WARN_QUOTED_INCLUDE_IN_FRAMEWORK_HEADER = YES;
				CLANG_WARN_RANGE_LOOP_ANALYSIS = YES;
				CLANG_WARN_STRICT_PROTOTYPES = YES;
				CLANG_WARN_SUSPICIOUS_MOVE = YES;
				CLANG_WARN_UNGUARDED_AVAILABILITY = YES_AGGRESSIVE;
				CLANG_WARN_UNREACHABLE_CODE = YES;
				CLANG_WARN__DUPLICATE_METHOD_MATCH = YES;
				COPY_PHASE_STRIP = NO;
				DEBUG_INFORMATION_FORMAT = "dwarf-with-dsym";
				ENABLE_NS_ASSERTIONS = NO;
				ENABLE_STRICT_OBJC_MSGSEND = YES;
				GCC_C_LANGUAGE_STANDARD = gnu11;
				GCC_NO_COMMON_BLOCKS = YES;
				GCC_WARN_64_TO_32_BIT_CONVERSION = YES;
				GCC_WARN_ABOUT_RETURN_TYPE = YES_ERROR;
				GCC_WARN_UNDECLARED_SELECTOR = YES;
				GCC_WARN_UNINITIALIZED_AUTOS = YES_AGGRESSIVE;
				GCC_WARN_UNUSED_FUNCTION = YES;
				GCC_WARN_UNUSED_VARIABLE = YES;
				IPHONEOS_DEPLOYMENT_TARGET = 15.0;
				MTL_ENABLE_DEBUG_INFO = NO;
				MTL_FAST_MATH = YES;
				SDKROOT = iphoneos;
				SWIFT_COMPILATION_MODE = wholemodule;
				SWIFT_OPTIMIZATION_LEVEL = "-O";
				VALIDATE_PRODUCT = YES;
			};
			name = Release;
		};
		65E300582A038CCE002F4CC7 /* Debug */ = {
			isa = XCBuildConfiguration;
			buildSettings = {
				ASSETCATALOG_COMPILER_APPICON_NAME = AppIcon;
				ASSETCATALOG_COMPILER_GLOBAL_ACCENT_COLOR_NAME = AccentColor;
				CODE_SIGN_STYLE = Automatic;
				CURRENT_PROJECT_VERSION = 1;
				DEVELOPMENT_ASSET_PATHS = "\"TCA-MovieSearch/Preview Content\"";
				DEVELOPMENT_TEAM = W4HDX5XCG8;
				ENABLE_PREVIEWS = YES;
				GENERATE_INFOPLIST_FILE = YES;
				INFOPLIST_KEY_UIApplicationSceneManifest_Generation = YES;
				INFOPLIST_KEY_UIApplicationSupportsIndirectInputEvents = YES;
				INFOPLIST_KEY_UILaunchScreen_Generation = YES;
				INFOPLIST_KEY_UISupportedInterfaceOrientations = UIInterfaceOrientationPortrait;
				INFOPLIST_KEY_UISupportedInterfaceOrientations_iPad = "UIInterfaceOrientationLandscapeLeft UIInterfaceOrientationLandscapeRight UIInterfaceOrientationPortrait UIInterfaceOrientationPortraitUpsideDown";
				IPHONEOS_DEPLOYMENT_TARGET = 15.0;
				LD_RUNPATH_SEARCH_PATHS = (
					"$(inherited)",
					"@executable_path/Frameworks",
				);
				MARKETING_VERSION = 1.0;
				PRODUCT_BUNDLE_IDENTIFIER = "com.sangwon.TCA-MovieSearch";
				PRODUCT_NAME = "$(TARGET_NAME)";
				SUPPORTED_PLATFORMS = "iphoneos iphonesimulator";
				SUPPORTS_MACCATALYST = NO;
				SUPPORTS_MAC_DESIGNED_FOR_IPHONE_IPAD = NO;
				SWIFT_EMIT_LOC_STRINGS = YES;
				SWIFT_VERSION = 5.0;
				TARGETED_DEVICE_FAMILY = 1;
			};
			name = Debug;
		};
		65E300592A038CCE002F4CC7 /* Release */ = {
			isa = XCBuildConfiguration;
			buildSettings = {
				ASSETCATALOG_COMPILER_APPICON_NAME = AppIcon;
				ASSETCATALOG_COMPILER_GLOBAL_ACCENT_COLOR_NAME = AccentColor;
				CODE_SIGN_STYLE = Automatic;
				CURRENT_PROJECT_VERSION = 1;
				DEVELOPMENT_ASSET_PATHS = "\"TCA-MovieSearch/Preview Content\"";
				DEVELOPMENT_TEAM = W4HDX5XCG8;
				ENABLE_PREVIEWS = YES;
				GENERATE_INFOPLIST_FILE = YES;
				INFOPLIST_KEY_UIApplicationSceneManifest_Generation = YES;
				INFOPLIST_KEY_UIApplicationSupportsIndirectInputEvents = YES;
				INFOPLIST_KEY_UILaunchScreen_Generation = YES;
				INFOPLIST_KEY_UISupportedInterfaceOrientations = UIInterfaceOrientationPortrait;
				INFOPLIST_KEY_UISupportedInterfaceOrientations_iPad = "UIInterfaceOrientationLandscapeLeft UIInterfaceOrientationLandscapeRight UIInterfaceOrientationPortrait UIInterfaceOrientationPortraitUpsideDown";
				IPHONEOS_DEPLOYMENT_TARGET = 15.0;
				LD_RUNPATH_SEARCH_PATHS = (
					"$(inherited)",
					"@executable_path/Frameworks",
				);
				MARKETING_VERSION = 1.0;
				PRODUCT_BUNDLE_IDENTIFIER = "com.sangwon.TCA-MovieSearch";
				PRODUCT_NAME = "$(TARGET_NAME)";
				SUPPORTED_PLATFORMS = "iphoneos iphonesimulator";
				SUPPORTS_MACCATALYST = NO;
				SUPPORTS_MAC_DESIGNED_FOR_IPHONE_IPAD = NO;
				SWIFT_EMIT_LOC_STRINGS = YES;
				SWIFT_VERSION = 5.0;
				TARGETED_DEVICE_FAMILY = 1;
			};
			name = Release;
		};
/* End XCBuildConfiguration section */

/* Begin XCConfigurationList section */
		65E300442A038CCD002F4CC7 /* Build configuration list for PBXProject "TCA-MovieSearch" */ = {
			isa = XCConfigurationList;
			buildConfigurations = (
				65E300552A038CCE002F4CC7 /* Debug */,
				65E300562A038CCE002F4CC7 /* Release */,
			);
			defaultConfigurationIsVisible = 0;
			defaultConfigurationName = Release;
		};
		65E300572A038CCE002F4CC7 /* Build configuration list for PBXNativeTarget "TCA-MovieSearch" */ = {
			isa = XCConfigurationList;
			buildConfigurations = (
				65E300582A038CCE002F4CC7 /* Debug */,
				65E300592A038CCE002F4CC7 /* Release */,
			);
			defaultConfigurationIsVisible = 0;
			defaultConfigurationName = Release;
		};
/* End XCConfigurationList section */

/* Begin XCRemoteSwiftPackageReference section */
		65E3005A2A038D25002F4CC7 /* XCRemoteSwiftPackageReference "swift-composable-architecture" */ = {
			isa = XCRemoteSwiftPackageReference;
			repositoryURL = "https://github.com/pointfreeco/swift-composable-architecture";
			requirement = {
				kind = upToNextMajorVersion;
				minimumVersion = 0.52.0;
			};
		};
/* End XCRemoteSwiftPackageReference section */

/* Begin XCSwiftPackageProductDependency section */
		65E3005B2A038D25002F4CC7 /* ComposableArchitecture */ = {
			isa = XCSwiftPackageProductDependency;
			package = 65E3005A2A038D25002F4CC7 /* XCRemoteSwiftPackageReference "swift-composable-architecture" */;
			productName = ComposableArchitecture;
		};
/* End XCSwiftPackageProductDependency section */
	};
	rootObject = 65E300412A038CCD002F4CC7 /* Project object */;
}
